
Microsoft Visual Studio Solution File, Format Version 12.00
# Visual Studio Version 16
VisualStudioVersion = 16.0.31702.278
MinimumVisualStudioVersion = 10.0.40219.1
Project("{FAE04EC0-301F-11D3-BF4B-00C04F79EFBC}") = "GUI", "QLBanSim\GUI.csproj", "{B2D37F86-7DD0-4C26-BF8D-058688D528BD}"
EndProject
Project("{FAE04EC0-301F-11D3-BF4B-00C04F79EFBC}") = "BUS", "BUS\BUS.csproj", "{46D7A834-52DB-4291-8FF3-DA1E0801A7C5}"
EndProject
Project("{FAE04EC0-301F-11D3-BF4B-00C04F79EFBC}") = "DAL", "DAL\DAL.csproj", "{94798AE7-F041-4065-B8F0-931B10A89519}"
EndProject
Project("{FAE04EC0-301F-11D3-BF4B-00C04F79EFBC}") = "DTO", "DTO\DTO.csproj", "{1BEDEC12-27C5-4930-9F75-1C9C826EB015}"
EndProject
Project("{2150E333-8FDC-42A3-9474-1A3956D46DE8}") = "Solution Items", "Solution Items", "{D6089B1A-768D-4D36-A980-BF45C0A16A67}"
	ProjectSection(SolutionItems) = preProject
		DataBase.sql = DataBase.sql
	EndProjectSection
EndProject
Global
	GlobalSection(SolutionConfigurationPlatforms) = preSolution
		Debug|Any CPU = Debug|Any CPU
		Release|Any CPU = Release|Any CPU
	EndGlobalSection
	GlobalSection(ProjectConfigurationPlatforms) = postSolution
		{B2D37F86-7DD0-4C26-BF8D-058688D528BD}.Debug|Any CPU.ActiveCfg = Debug|Any CPU
		{B2D37F86-7DD0-4C26-BF8D-058688D528BD}.Debug|Any CPU.Build.0 = Debug|Any CPU
		{B2D37F86-7DD0-4C26-BF8D-058688D528BD}.Release|Any CPU.ActiveCfg = Release|Any CPU
		{B2D37F86-7DD0-4C26-BF8D-058688D528BD}.Release|Any CPU.Build.0 = Release|Any CPU
		{46D7A834-52DB-4291-8FF3-DA1E0801A7C5}.Debug|Any CPU.ActiveCfg = Debug|Any CPU
		{46D7A834-52DB-4291-8FF3-DA1E0801A7C5}.Debug|Any CPU.Build.0 = Debug|Any CPU
		{46D7A834-52DB-4291-8FF3-DA1E0801A7C5}.Release|Any CPU.ActiveCfg = Release|Any CPU
		{46D7A834-52DB-4291-8FF3-DA1E0801A7C5}.Release|Any CPU.Build.0 = Release|Any CPU
		{94798AE7-F041-4065-B8F0-931B10A89519}.Debug|Any CPU.ActiveCfg = Debug|Any CPU
		{94798AE7-F041-4065-B8F0-931B10A89519}.Debug|Any CPU.Build.0 = Debug|Any CPU
		{94798AE7-F041-4065-B8F0-931B10A89519}.Release|Any CPU.ActiveCfg = Release|Any CPU
		{94798AE7-F041-4065-B8F0-931B10A89519}.Release|Any CPU.Build.0 = Release|Any CPU
		{1BEDEC12-27C5-4930-9F75-1C9C826EB015}.Debug|Any CPU.ActiveCfg = Debug|Any CPU
		{1BEDEC12-27C5-4930-9F75-1C9C826EB015}.Debug|Any CPU.Build.0 = Debug|Any CPU
		{1BEDEC12-27C5-4930-9F75-1C9C826EB015}.Release|Any CPU.ActiveCfg = Release|Any CPU
		{1BEDEC12-27C5-4930-9F75-1C9C826EB015}.Release|Any CPU.Build.0 = Release|Any CPU
	EndGlobalSection
	GlobalSection(SolutionProperties) = preSolution
		HideSolutionNode = FALSE
	EndGlobalSection
	GlobalSection(ExtensibilityGlobals) = postSolution
		SolutionGuid = {1B552B10-DF44-4670-93D3-2A603F8FBB43}
	EndGlobalSection
EndGlobal
